
Microsoft Visual Studio Solution File, Format Version 12.00
# Visual Studio Version 16
VisualStudioVersion = 16.0.31112.23
MinimumVisualStudioVersion = 10.0.40219.1
Project("{FAE04EC0-301F-11D3-BF4B-00C04F79EFBC}") = "DvsTesting", "DvsTesting.csproj", "{DC0DDB14-278A-4B8C-B288-CA5B23F79700}"
EndProject
Global
	GlobalSection(SolutionConfigurationPlatforms) = preSolution
		Debug|Any CPU = Debug|Any CPU
		Release|Any CPU = Release|Any CPU
	EndGlobalSection
	GlobalSection(ProjectConfigurationPlatforms) = postSolution
		{DC0DDB14-278A-4B8C-B288-CA5B23F79700}.Debug|Any CPU.ActiveCfg = Debug|Any CPU
		{DC0DDB14-278A-4B8C-B288-CA5B23F79700}.Debug|Any CPU.Build.0 = Debug|Any CPU
		{DC0DDB14-278A-4B8C-B288-CA5B23F79700}.Release|Any CPU.ActiveCfg = Release|Any CPU
		{DC0DDB14-278A-4B8C-B288-CA5B23F79700}.Release|Any CPU.Build.0 = Release|Any CPU
	EndGlobalSection
	GlobalSection(SolutionProperties) = preSolution
		HideSolutionNode = FALSE
	EndGlobalSection
	GlobalSection(ExtensibilityGlobals) = postSolution
		SolutionGuid = {6D36246D-CC84-4C65-A453-A438E25D02C5}
	EndGlobalSection
EndGlobal
